// !$*UTF8*$!
{
	archiveVersion = 1;
	classes = {
	};
	objectVersion = 50;
	objects = {

/* Begin PBXBuildFile section */
		D3108220249210900086745F /* AppDelegate.swift in Sources */ = {isa = PBXBuildFile; fileRef = D310821F249210900086745F /* AppDelegate.swift */; };
		D3108222249210900086745F /* SceneDelegate.swift in Sources */ = {isa = PBXBuildFile; fileRef = D3108221249210900086745F /* SceneDelegate.swift */; };
		D3108224249210900086745F /* ViewController.swift in Sources */ = {isa = PBXBuildFile; fileRef = D3108223249210900086745F /* ViewController.swift */; };
		D3108227249210900086745F /* Main.storyboard in Resources */ = {isa = PBXBuildFile; fileRef = D3108225249210900086745F /* Main.storyboard */; };
		D3108229249210930086745F /* Assets.xcassets in Resources */ = {isa = PBXBuildFile; fileRef = D3108228249210930086745F /* Assets.xcassets */; };
		D310822C249210930086745F /* LaunchScreen.storyboard in Resources */ = {isa = PBXBuildFile; fileRef = D310822A249210930086745F /* LaunchScreen.storyboard */; };
		D3108237249210940086745F /* CocoaHeads1Tests.swift in Sources */ = {isa = PBXBuildFile; fileRef = D3108236249210940086745F /* CocoaHeads1Tests.swift */; };
		D3108242249210940086745F /* CocoaHeads1UITests.swift in Sources */ = {isa = PBXBuildFile; fileRef = D3108241249210940086745F /* CocoaHeads1UITests.swift */; };
/* End PBXBuildFile section */

/* Begin PBXContainerItemProxy section */
		D3108233249210940086745F /* PBXContainerItemProxy */ = {
			isa = PBXContainerItemProxy;
			containerPortal = D3108214249210900086745F /* Project object */;
			proxyType = 1;
			remoteGlobalIDString = D310821B249210900086745F;
			remoteInfo = CocoaHeads1;
		};
		D310823E249210940086745F /* PBXContainerItemProxy */ = {
			isa = PBXContainerItemProxy;
			containerPortal = D3108214249210900086745F /* Project object */;
			proxyType = 1;
			remoteGlobalIDString = D310821B249210900086745F;
			remoteInfo = CocoaHeads1;
		};
/* End PBXContainerItemProxy section */

/* Begin PBXFileReference section */
		D310821C249210900086745F /* CocoaHeads1.app */ = {isa = PBXFileReference; explicitFileType = wrapper.application; includeInIndex = 0; path = CocoaHeads1.app; sourceTree = BUILT_PRODUCTS_DIR; };
		D310821F249210900086745F /* AppDelegate.swift */ = {isa = PBXFileReference; lastKnownFileType = sourcecode.swift; path = AppDelegate.swift; sourceTree = "<group>"; };
		D3108221249210900086745F /* SceneDelegate.swift */ = {isa = PBXFileReference; lastKnownFileType = sourcecode.swift; path = SceneDelegate.swift; sourceTree = "<group>"; };
		D3108223249210900086745F /* ViewController.swift */ = {isa = PBXFileReference; lastKnownFileType = sourcecode.swift; path = ViewController.swift; sourceTree = "<group>"; };
		D3108226249210900086745F /* Base */ = {isa = PBXFileReference; lastKnownFileType = file.storyboard; name = Base; path = Base.lproj/Main.storyboard; sourceTree = "<group>"; };
		D3108228249210930086745F /* Assets.xcassets */ = {isa = PBXFileReference; lastKnownFileType = folder.assetcatalog; path = Assets.xcassets; sourceTree = "<group>"; };
		D310822B249210930086745F /* Base */ = {isa = PBXFileReference; lastKnownFileType = file.storyboard; name = Base; path = Base.lproj/LaunchScreen.storyboard; sourceTree = "<group>"; };
		D310822D249210930086745F /* Info.plist */ = {isa = PBXFileReference; lastKnownFileType = text.plist.xml; path = Info.plist; sourceTree = "<group>"; };
		D3108232249210940086745F /* CocoaHeads1Tests.xctest */ = {isa = PBXFileReference; explicitFileType = wrapper.cfbundle; includeInIndex = 0; path = CocoaHeads1Tests.xctest; sourceTree = BUILT_PRODUCTS_DIR; };
		D3108236249210940086745F /* CocoaHeads1Tests.swift */ = {isa = PBXFileReference; lastKnownFileType = sourcecode.swift; path = CocoaHeads1Tests.swift; sourceTree = "<group>"; };
		D3108238249210940086745F /* Info.plist */ = {isa = PBXFileReference; lastKnownFileType = text.plist.xml; path = Info.plist; sourceTree = "<group>"; };
		D310823D249210940086745F /* CocoaHeads1UITests.xctest */ = {isa = PBXFileReference; explicitFileType = wrapper.cfbundle; includeInIndex = 0; path = CocoaHeads1UITests.xctest; sourceTree = BUILT_PRODUCTS_DIR; };
		D3108241249210940086745F /* CocoaHeads1UITests.swift */ = {isa = PBXFileReference; lastKnownFileType = sourcecode.swift; path = CocoaHeads1UITests.swift; sourceTree = "<group>"; };
		D3108243249210940086745F /* Info.plist */ = {isa = PBXFileReference; lastKnownFileType = text.plist.xml; path = Info.plist; sourceTree = "<group>"; };
/* End PBXFileReference section */

/* Begin PBXFrameworksBuildPhase section */
		D3108219249210900086745F /* Frameworks */ = {
			isa = PBXFrameworksBuildPhase;
			buildActionMask = 2147483647;
			files = (
			);
			runOnlyForDeploymentPostprocessing = 0;
		};
		D310822F249210940086745F /* Frameworks */ = {
			isa = PBXFrameworksBuildPhase;
			buildActionMask = 2147483647;
			files = (
			);
			runOnlyForDeploymentPostprocessing = 0;
		};
		D310823A249210940086745F /* Frameworks */ = {
			isa = PBXFrameworksBuildPhase;
			buildActionMask = 2147483647;
			files = (
			);
			runOnlyForDeploymentPostprocessing = 0;
		};
/* End PBXFrameworksBuildPhase section */

/* Begin PBXGroup section */
		D3108213249210900086745F = {
			isa = PBXGroup;
			children = (
				D310821E249210900086745F /* CocoaHeads1 */,
				D3108235249210940086745F /* CocoaHeads1Tests */,
				D3108240249210940086745F /* CocoaHeads1UITests */,
				D310821D249210900086745F /* Products */,
			);
			sourceTree = "<group>";
		};
		D310821D249210900086745F /* Products */ = {
			isa = PBXGroup;
			children = (
				D310821C249210900086745F /* CocoaHeads1.app */,
				D3108232249210940086745F /* CocoaHeads1Tests.xctest */,
				D310823D249210940086745F /* CocoaHeads1UITests.xctest */,
			);
			name = Products;
			sourceTree = "<group>";
		};
		D310821E249210900086745F /* CocoaHeads1 */ = {
			isa = PBXGroup;
			children = (
				D310821F249210900086745F /* AppDelegate.swift */,
				D3108221249210900086745F /* SceneDelegate.swift */,
				D3108223249210900086745F /* ViewController.swift */,
				D3108225249210900086745F /* Main.storyboard */,
				D3108228249210930086745F /* Assets.xcassets */,
				D310822A249210930086745F /* LaunchScreen.storyboard */,
				D310822D249210930086745F /* Info.plist */,
			);
			path = CocoaHeads1;
			sourceTree = "<group>";
		};
		D3108235249210940086745F /* CocoaHeads1Tests */ = {
			isa = PBXGroup;
			children = (
				D3108236249210940086745F /* CocoaHeads1Tests.swift */,
				D3108238249210940086745F /* Info.plist */,
			);
			path = CocoaHeads1Tests;
			sourceTree = "<group>";
		};
		D3108240249210940086745F /* CocoaHeads1UITests */ = {
			isa = PBXGroup;
			children = (
				D3108241249210940086745F /* CocoaHeads1UITests.swift */,
				D3108243249210940086745F /* Info.plist */,
			);
			path = CocoaHeads1UITests;
			sourceTree = "<group>";
		};
/* End PBXGroup section */

/* Begin PBXNativeTarget section */
		D310821B249210900086745F /* CocoaHeads1 */ = {
			isa = PBXNativeTarget;
			buildConfigurationList = D3108246249210940086745F /* Build configuration list for PBXNativeTarget "CocoaHeads1" */;
			buildPhases = (
				D3108218249210900086745F /* Sources */,
				D3108219249210900086745F /* Frameworks */,
				D310821A249210900086745F /* Resources */,
			);
			buildRules = (
			);
			dependencies = (
			);
			name = CocoaHeads1;
			productName = CocoaHeads1;
			productReference = D310821C249210900086745F /* CocoaHeads1.app */;
			productType = "com.apple.product-type.application";
		};
		D3108231249210940086745F /* CocoaHeads1Tests */ = {
			isa = PBXNativeTarget;
			buildConfigurationList = D3108249249210940086745F /* Build configuration list for PBXNativeTarget "CocoaHeads1Tests" */;
			buildPhases = (
				D310822E249210940086745F /* Sources */,
				D310822F249210940086745F /* Frameworks */,
				D3108230249210940086745F /* Resources */,
			);
			buildRules = (
			);
			dependencies = (
				D3108234249210940086745F /* PBXTargetDependency */,
			);
			name = CocoaHeads1Tests;
			productName = CocoaHeads1Tests;
			productReference = D3108232249210940086745F /* CocoaHeads1Tests.xctest */;
			productType = "com.apple.product-type.bundle.unit-test";
		};
		D310823C249210940086745F /* CocoaHeads1UITests */ = {
			isa = PBXNativeTarget;
			buildConfigurationList = D310824C249210940086745F /* Build configuration list for PBXNativeTarget "CocoaHeads1UITests" */;
			buildPhases = (
				D3108239249210940086745F /* Sources */,
				D310823A249210940086745F /* Frameworks */,
				D310823B249210940086745F /* Resources */,
			);
			buildRules = (
			);
			dependencies = (
				D310823F249210940086745F /* PBXTargetDependency */,
			);
			name = CocoaHeads1UITests;
			productName = CocoaHeads1UITests;
			productReference = D310823D249210940086745F /* CocoaHeads1UITests.xctest */;
			productType = "com.apple.product-type.bundle.ui-testing";
		};
/* End PBXNativeTarget section */

/* Begin PBXProject section */
		D3108214249210900086745F /* Project object */ = {
			isa = PBXProject;
			attributes = {
				LastSwiftUpdateCheck = 1130;
				LastUpgradeCheck = 1130;
				ORGANIZATIONNAME = "Amirzhan Idryshev";
				TargetAttributes = {
					D310821B249210900086745F = {
						CreatedOnToolsVersion = 11.3.1;
					};
					D3108231249210940086745F = {
						CreatedOnToolsVersion = 11.3.1;
						TestTargetID = D310821B249210900086745F;
					};
					D310823C249210940086745F = {
						CreatedOnToolsVersion = 11.3.1;
						TestTargetID = D310821B249210900086745F;
					};
				};
			};
			buildConfigurationList = D3108217249210900086745F /* Build configuration list for PBXProject "CocoaHeads1" */;
			compatibilityVersion = "Xcode 9.3";
			developmentRegion = en;
			hasScannedForEncodings = 0;
			knownRegions = (
				en,
				Base,
			);
			mainGroup = D3108213249210900086745F;
			productRefGroup = D310821D249210900086745F /* Products */;
			projectDirPath = "";
			projectRoot = "";
			targets = (
				D310821B249210900086745F /* CocoaHeads1 */,
				D3108231249210940086745F /* CocoaHeads1Tests */,
				D310823C249210940086745F /* CocoaHeads1UITests */,
			);
		};
/* End PBXProject section */

/* Begin PBXResourcesBuildPhase section */
		D310821A249210900086745F /* Resources */ = {
			isa = PBXResourcesBuildPhase;
			buildActionMask = 2147483647;
			files = (
				D310822C249210930086745F /* LaunchScreen.storyboard in Resources */,
				D3108229249210930086745F /* Assets.xcassets in Resources */,
				D3108227249210900086745F /* Main.storyboard in Resources */,
			);
			runOnlyForDeploymentPostprocessing = 0;
		};
		D3108230249210940086745F /* Resources */ = {
			isa = PBXResourcesBuildPhase;
			buildActionMask = 2147483647;
			files = (
			);
			runOnlyForDeploymentPostprocessing = 0;
		};
		D310823B249210940086745F /* Resources */ = {
			isa = PBXResourcesBuildPhase;
			buildActionMask = 2147483647;
			files = (
			);
			runOnlyForDeploymentPostprocessing = 0;
		};
/* End PBXResourcesBuildPhase section */

/* Begin PBXSourcesBuildPhase section */
		D3108218249210900086745F /* Sources */ = {
			isa = PBXSourcesBuildPhase;
			buildActionMask = 2147483647;
			files = (
				D3108224249210900086745F /* ViewController.swift in Sources */,
				D3108220249210900086745F /* AppDelegate.swift in Sources */,
				D3108222249210900086745F /* SceneDelegate.swift in Sources */,
			);
			runOnlyForDeploymentPostprocessing = 0;
		};
		D310822E249210940086745F /* Sources */ = {
			isa = PBXSourcesBuildPhase;
			buildActionMask = 2147483647;
			files = (
				D3108237249210940086745F /* CocoaHeads1Tests.swift in Sources */,
			);
			runOnlyForDeploymentPostprocessing = 0;
		};
		D3108239249210940086745F /* Sources */ = {
			isa = PBXSourcesBuildPhase;
			buildActionMask = 2147483647;
			files = (
				D3108242249210940086745F /* CocoaHeads1UITests.swift in Sources */,
			);
			runOnlyForDeploymentPostprocessing = 0;
		};
/* End PBXSourcesBuildPhase section */

/* Begin PBXTargetDependency section */
		D3108234249210940086745F /* PBXTargetDependency */ = {
			isa = PBXTargetDependency;
			target = D310821B249210900086745F /* CocoaHeads1 */;
			targetProxy = D3108233249210940086745F /* PBXContainerItemProxy */;
		};
		D310823F249210940086745F /* PBXTargetDependency */ = {
			isa = PBXTargetDependency;
			target = D310821B249210900086745F /* CocoaHeads1 */;
			targetProxy = D310823E249210940086745F /* PBXContainerItemProxy */;
		};
/* End PBXTargetDependency section */

/* Begin PBXVariantGroup section */
		D3108225249210900086745F /* Main.storyboard */ = {
			isa = PBXVariantGroup;
			children = (
				D3108226249210900086745F /* Base */,
			);
			name = Main.storyboard;
			sourceTree = "<group>";
		};
		D310822A249210930086745F /* LaunchScreen.storyboard */ = {
			isa = PBXVariantGroup;
			children = (
				D310822B249210930086745F /* Base */,
			);
			name = LaunchScreen.storyboard;
			sourceTree = "<group>";
		};
/* End PBXVariantGroup section */

/* Begin XCBuildConfiguration section */
		D3108244249210940086745F /* Debug */ = {
			isa = XCBuildConfiguration;
			buildSettings = {
				ALWAYS_SEARCH_USER_PATHS = NO;
				CLANG_ANALYZER_NONNULL = YES;
				CLANG_ANALYZER_NUMBER_OBJECT_CONVERSION = YES_AGGRESSIVE;
				CLANG_CXX_LANGUAGE_STANDARD = "gnu++14";
				CLANG_CXX_LIBRARY = "libc++";
				CLANG_ENABLE_MODULES = YES;
				CLANG_ENABLE_OBJC_ARC = YES;
				CLANG_ENABLE_OBJC_WEAK = YES;
				CLANG_WARN_BLOCK_CAPTURE_AUTORELEASING = YES;
				CLANG_WARN_BOOL_CONVERSION = YES;
				CLANG_WARN_COMMA = YES;
				CLANG_WARN_CONSTANT_CONVERSION = YES;
				CLANG_WARN_DEPRECATED_OBJC_IMPLEMENTATIONS = YES;
				CLANG_WARN_DIRECT_OBJC_ISA_USAGE = YES_ERROR;
				CLANG_WARN_DOCUMENTATION_COMMENTS = YES;
				CLANG_WARN_EMPTY_BODY = YES;
				CLANG_WARN_ENUM_CONVERSION = YES;
				CLANG_WARN_INFINITE_RECURSION = YES;
				CLANG_WARN_INT_CONVERSION = YES;
				CLANG_WARN_NON_LITERAL_NULL_CONVERSION = YES;
				CLANG_WARN_OBJC_IMPLICIT_RETAIN_SELF = YES;
				CLANG_WARN_OBJC_LITERAL_CONVERSION = YES;
				CLANG_WARN_OBJC_ROOT_CLASS = YES_ERROR;
				CLANG_WARN_RANGE_LOOP_ANALYSIS = YES;
				CLANG_WARN_STRICT_PROTOTYPES = YES;
				CLANG_WARN_SUSPICIOUS_MOVE = YES;
				CLANG_WARN_UNGUARDED_AVAILABILITY = YES_AGGRESSIVE;
				CLANG_WARN_UNREACHABLE_CODE = YES;
				CLANG_WARN__DUPLICATE_METHOD_MATCH = YES;
				COPY_PHASE_STRIP = NO;
				DEBUG_INFORMATION_FORMAT = dwarf;
				ENABLE_STRICT_OBJC_MSGSEND = YES;
				ENABLE_TESTABILITY = YES;
				GCC_C_LANGUAGE_STANDARD = gnu11;
				GCC_DYNAMIC_NO_PIC = NO;
				GCC_NO_COMMON_BLOCKS = YES;
				GCC_OPTIMIZATION_LEVEL = 0;
				GCC_PREPROCESSOR_DEFINITIONS = (
					"DEBUG=1",
					"$(inherited)",
				);
				GCC_WARN_64_TO_32_BIT_CONVERSION = YES;
				GCC_WARN_ABOUT_RETURN_TYPE = YES_ERROR;
				GCC_WARN_UNDECLARED_SELECTOR = YES;
				GCC_WARN_UNINITIALIZED_AUTOS = YES_AGGRESSIVE;
				GCC_WARN_UNUSED_FUNCTION = YES;
				GCC_WARN_UNUSED_VARIABLE = YES;
				IPHONEOS_DEPLOYMENT_TARGET = 13.2;
				MTL_ENABLE_DEBUG_INFO = INCLUDE_SOURCE;
				MTL_FAST_MATH = YES;
				ONLY_ACTIVE_ARCH = YES;
				SDKROOT = iphoneos;
				SWIFT_ACTIVE_COMPILATION_CONDITIONS = DEBUG;
				SWIFT_OPTIMIZATION_LEVEL = "-Onone";
			};
			name = Debug;
		};
		D3108245249210940086745F /* Release */ = {
			isa = XCBuildConfiguration;
			buildSettings = {
				ALWAYS_SEARCH_USER_PATHS = NO;
				CLANG_ANALYZER_NONNULL = YES;
				CLANG_ANALYZER_NUMBER_OBJECT_CONVERSION = YES_AGGRESSIVE;
				CLANG_CXX_LANGUAGE_STANDARD = "gnu++14";
				CLANG_CXX_LIBRARY = "libc++";
				CLANG_ENABLE_MODULES = YES;
				CLANG_ENABLE_OBJC_ARC = YES;
				CLANG_ENABLE_OBJC_WEAK = YES;
				CLANG_WARN_BLOCK_CAPTURE_AUTORELEASING = YES;
				CLANG_WARN_BOOL_CONVERSION = YES;
				CLANG_WARN_COMMA = YES;
				CLANG_WARN_CONSTANT_CONVERSION = YES;
				CLANG_WARN_DEPRECATED_OBJC_IMPLEMENTATIONS = YES;
				CLANG_WARN_DIRECT_OBJC_ISA_USAGE = YES_ERROR;
				CLANG_WARN_DOCUMENTATION_COMMENTS = YES;
				CLANG_WARN_EMPTY_BODY = YES;
				CLANG_WARN_ENUM_CONVERSION = YES;
				CLANG_WARN_INFINITE_RECURSION = YES;
				CLANG_WARN_INT_CONVERSION = YES;
				CLANG_WARN_NON_LITERAL_NULL_CONVERSION = YES;
				CLANG_WARN_OBJC_IMPLICIT_RETAIN_SELF = YES;
				CLANG_WARN_OBJC_LITERAL_CONVERSION = YES;
				CLANG_WARN_OBJC_ROOT_CLASS = YES_ERROR;
				CLANG_WARN_RANGE_LOOP_ANALYSIS = YES;
				CLANG_WARN_STRICT_PROTOTYPES = YES;
				CLANG_WARN_SUSPICIOUS_MOVE = YES;
				CLANG_WARN_UNGUARDED_AVAILABILITY = YES_AGGRESSIVE;
				CLANG_WARN_UNREACHABLE_CODE = YES;
				CLANG_WARN__DUPLICATE_METHOD_MATCH = YES;
				COPY_PHASE_STRIP = NO;
				DEBUG_INFORMATION_FORMAT = "dwarf-with-dsym";
				ENABLE_NS_ASSERTIONS = NO;
				ENABLE_STRICT_OBJC_MSGSEND = YES;
				GCC_C_LANGUAGE_STANDARD = gnu11;
				GCC_NO_COMMON_BLOCKS = YES;
				GCC_WARN_64_TO_32_BIT_CONVERSION = YES;
				GCC_WARN_ABOUT_RETURN_TYPE = YES_ERROR;
				GCC_WARN_UNDECLARED_SELECTOR = YES;
				GCC_WARN_UNINITIALIZED_AUTOS = YES_AGGRESSIVE;
				GCC_WARN_UNUSED_FUNCTION = YES;
				GCC_WARN_UNUSED_VARIABLE = YES;
				IPHONEOS_DEPLOYMENT_TARGET = 13.2;
				MTL_ENABLE_DEBUG_INFO = NO;
				MTL_FAST_MATH = YES;
				SDKROOT = iphoneos;
				SWIFT_COMPILATION_MODE = wholemodule;
				SWIFT_OPTIMIZATION_LEVEL = "-O";
				VALIDATE_PRODUCT = YES;
			};
			name = Release;
		};
		D3108247249210940086745F /* Debug */ = {
			isa = XCBuildConfiguration;
			buildSettings = {
				ASSETCATALOG_COMPILER_APPICON_NAME = AppIcon;
				CODE_SIGN_STYLE = Automatic;
				DEVELOPMENT_TEAM = J5U9896WL5;
				INFOPLIST_FILE = CocoaHeads1/Info.plist;
				LD_RUNPATH_SEARCH_PATHS = (
					"$(inherited)",
					"@executable_path/Frameworks",
				);
				PRODUCT_BUNDLE_IDENTIFIER = iamirzhan.CocoaHeads1;
				PRODUCT_NAME = "$(TARGET_NAME)";
				SWIFT_VERSION = 5.0;
				TARGETED_DEVICE_FAMILY = "1,2";
			};
			name = Debug;
		};
		D3108248249210940086745F /* Release */ = {
			isa = XCBuildConfiguration;
			buildSettings = {
				ASSETCATALOG_COMPILER_APPICON_NAME = AppIcon;
				CODE_SIGN_STYLE = Automatic;
				DEVELOPMENT_TEAM = J5U9896WL5;
				INFOPLIST_FILE = CocoaHeads1/Info.plist;
				LD_RUNPATH_SEARCH_PATHS = (
					"$(inherited)",
					"@executable_path/Frameworks",
				);
				PRODUCT_BUNDLE_IDENTIFIER = iamirzhan.CocoaHeads1;
				PRODUCT_NAME = "$(TARGET_NAME)";
				SWIFT_VERSION = 5.0;
				TARGETED_DEVICE_FAMILY = "1,2";
			};
			name = Release;
		};
		D310824A249210940086745F /* Debug */ = {
			isa = XCBuildConfiguration;
			buildSettings = {
				ALWAYS_EMBED_SWIFT_STANDARD_LIBRARIES = YES;
				BUNDLE_LOADER = "$(TEST_HOST)";
				CODE_SIGN_STYLE = Automatic;
				DEVELOPMENT_TEAM = J5U9896WL5;
				INFOPLIST_FILE = CocoaHeads1Tests/Info.plist;
				IPHONEOS_DEPLOYMENT_TARGET = 13.2;
				LD_RUNPATH_SEARCH_PATHS = (
					"$(inherited)",
					"@executable_path/Frameworks",
					"@loader_path/Frameworks",
				);
				PRODUCT_BUNDLE_IDENTIFIER = iamirzhan.CocoaHeads1Tests;
				PRODUCT_NAME = "$(TARGET_NAME)";
				SWIFT_VERSION = 5.0;
				TARGETED_DEVICE_FAMILY = "1,2";
				TEST_HOST = "$(BUILT_PRODUCTS_DIR)/CocoaHeads1.app/CocoaHeads1";
			};
			name = Debug;
		};
		D310824B249210940086745F /* Release */ = {
			isa = XCBuildConfiguration;
			buildSettings = {
				ALWAYS_EMBED_SWIFT_STANDARD_LIBRARIES = YES;
				BUNDLE_LOADER = "$(TEST_HOST)";
				CODE_SIGN_STYLE = Automatic;
				DEVELOPMENT_TEAM = J5U9896WL5;
				INFOPLIST_FILE = CocoaHeads1Tests/Info.plist;
				IPHONEOS_DEPLOYMENT_TARGET = 13.2;
				LD_RUNPATH_SEARCH_PATHS = (
					"$(inherited)",
					"@executable_path/Frameworks",
					"@loader_path/Frameworks",
				);
				PRODUCT_BUNDLE_IDENTIFIER = iamirzhan.CocoaHeads1Tests;
				PRODUCT_NAME = "$(TARGET_NAME)";
				SWIFT_VERSION = 5.0;
				TARGETED_DEVICE_FAMILY = "1,2";
				TEST_HOST = "$(BUILT_PRODUCTS_DIR)/CocoaHeads1.app/CocoaHeads1";
			};
			name = Release;
		};
		D310824D249210940086745F /* Debug */ = {
			isa = XCBuildConfiguration;
			buildSettings = {
				ALWAYS_EMBED_SWIFT_STANDARD_LIBRARIES = YES;
				CODE_SIGN_STYLE = Automatic;
				DEVELOPMENT_TEAM = J5U9896WL5;
				INFOPLIST_FILE = CocoaHeads1UITests/Info.plist;
				LD_RUNPATH_SEARCH_PATHS = (
					"$(inherited)",
					"@executable_path/Frameworks",
					"@loader_path/Frameworks",
				);
				PRODUCT_BUNDLE_IDENTIFIER = iamirzhan.CocoaHeads1UITests;
				PRODUCT_NAME = "$(TARGET_NAME)";
				SWIFT_VERSION = 5.0;
				TARGETED_DEVICE_FAMILY = "1,2";
				TEST_TARGET_NAME = CocoaHeads1;
			};
			name = Debug;
		};
		D310824E249210940086745F /* Release */ = {
			isa = XCBuildConfiguration;
			buildSettings = {
				ALWAYS_EMBED_SWIFT_STANDARD_LIBRARIES = YES;
				CODE_SIGN_STYLE = Automatic;
				DEVELOPMENT_TEAM = J5U9896WL5;
				INFOPLIST_FILE = CocoaHeads1UITests/Info.plist;
				LD_RUNPATH_SEARCH_PATHS = (
					"$(inherited)",
					"@executable_path/Frameworks",
					"@loader_path/Frameworks",
				);
				PRODUCT_BUNDLE_IDENTIFIER = iamirzhan.CocoaHeads1UITests;
				PRODUCT_NAME = "$(TARGET_NAME)";
				SWIFT_VERSION = 5.0;
				TARGETED_DEVICE_FAMILY = "1,2";
				TEST_TARGET_NAME = CocoaHeads1;
			};
			name = Release;
		};
/* End XCBuildConfiguration section */

/* Begin XCConfigurationList section */
		D3108217249210900086745F /* Build configuration list for PBXProject "CocoaHeads1" */ = {
			isa = XCConfigurationList;
			buildConfigurations = (
				D3108244249210940086745F /* Debug */,
				D3108245249210940086745F /* Release */,
			);
			defaultConfigurationIsVisible = 0;
			defaultConfigurationName = Release;
		};
		D3108246249210940086745F /* Build configuration list for PBXNativeTarget "CocoaHeads1" */ = {
			isa = XCConfigurationList;
			buildConfigurations = (
				D3108247249210940086745F /* Debug */,
				D3108248249210940086745F /* Release */,
			);
			defaultConfigurationIsVisible = 0;
			defaultConfigurationName = Release;
		};
		D3108249249210940086745F /* Build configuration list for PBXNativeTarget "CocoaHeads1Tests" */ = {
			isa = XCConfigurationList;
			buildConfigurations = (
				D310824A249210940086745F /* Debug */,
				D310824B249210940086745F /* Release */,
			);
			defaultConfigurationIsVisible = 0;
			defaultConfigurationName = Release;
		};
		D310824C249210940086745F /* Build configuration list for PBXNativeTarget "CocoaHeads1UITests" */ = {
			isa = XCConfigurationList;
			buildConfigurations = (
				D310824D249210940086745F /* Debug */,
				D310824E249210940086745F /* Release */,
			);
			defaultConfigurationIsVisible = 0;
			defaultConfigurationName = Release;
		};
/* End XCConfigurationList section */
	};
	rootObject = D3108214249210900086745F /* Project object */;
}
